
Microsoft Visual Studio Solution File, Format Version 12.00
# Visual Studio 15
VisualStudioVersion = 15.0.28307.102
MinimumVisualStudioVersion = 10.0.40219.1
Project("{FAE04EC0-301F-11D3-BF4B-00C04F79EFBC}") = "angular", "angular\angular.csproj", "{DDA7FD3E-2EAA-4112-8362-1598769C2E00}"
EndProject
Project("{FAE04EC0-301F-11D3-BF4B-00C04F79EFBC}") = "backend", "backend\backend.csproj", "{46E65966-B96F-4F13-B0E9-FEEE2884255E}"
EndProject
Global
	GlobalSection(SolutionConfigurationPlatforms) = preSolution
		Debug|Any CPU = Debug|Any CPU
		Release|Any CPU = Release|Any CPU
	EndGlobalSection
	GlobalSection(ProjectConfigurationPlatforms) = postSolution
		{DDA7FD3E-2EAA-4112-8362-1598769C2E00}.Debug|Any CPU.ActiveCfg = Debug|Any CPU
		{DDA7FD3E-2EAA-4112-8362-1598769C2E00}.Debug|Any CPU.Build.0 = Debug|Any CPU
		{DDA7FD3E-2EAA-4112-8362-1598769C2E00}.Release|Any CPU.ActiveCfg = Release|Any CPU
		{DDA7FD3E-2EAA-4112-8362-1598769C2E00}.Release|Any CPU.Build.0 = Release|Any CPU
		{46E65966-B96F-4F13-B0E9-FEEE2884255E}.Debug|Any CPU.ActiveCfg = Debug|Any CPU
		{46E65966-B96F-4F13-B0E9-FEEE2884255E}.Debug|Any CPU.Build.0 = Debug|Any CPU
		{46E65966-B96F-4F13-B0E9-FEEE2884255E}.Release|Any CPU.ActiveCfg = Release|Any CPU
		{46E65966-B96F-4F13-B0E9-FEEE2884255E}.Release|Any CPU.Build.0 = Release|Any CPU
	EndGlobalSection
	GlobalSection(SolutionProperties) = preSolution
		HideSolutionNode = FALSE
	EndGlobalSection
	GlobalSection(ExtensibilityGlobals) = postSolution
		SolutionGuid = {27083F60-39FD-4D6F-A555-7C91C9C05B66}
	EndGlobalSection
EndGlobal
